
Microsoft Visual Studio Solution File, Format Version 12.00
# Visual Studio Version 16
VisualStudioVersion = 16.0.30204.135
MinimumVisualStudioVersion = 10.0.40219.1
Project("{FAE04EC0-301F-11D3-BF4B-00C04F79EFBC}") = "WPF_BnB_v4", "WPF_BnB_v4\WPF_BnB_v4.csproj", "{7CF3389B-7E52-4EA3-8509-FF15E7DDC4EF}"
EndProject
Global
	GlobalSection(SolutionConfigurationPlatforms) = preSolution
		Debug|Any CPU = Debug|Any CPU
		Release|Any CPU = Release|Any CPU
	EndGlobalSection
	GlobalSection(ProjectConfigurationPlatforms) = postSolution
		{7CF3389B-7E52-4EA3-8509-FF15E7DDC4EF}.Debug|Any CPU.ActiveCfg = Debug|Any CPU
		{7CF3389B-7E52-4EA3-8509-FF15E7DDC4EF}.Debug|Any CPU.Build.0 = Debug|Any CPU
		{7CF3389B-7E52-4EA3-8509-FF15E7DDC4EF}.Release|Any CPU.ActiveCfg = Release|Any CPU
		{7CF3389B-7E52-4EA3-8509-FF15E7DDC4EF}.Release|Any CPU.Build.0 = Release|Any CPU
	EndGlobalSection
	GlobalSection(SolutionProperties) = preSolution
		HideSolutionNode = FALSE
	EndGlobalSection
	GlobalSection(ExtensibilityGlobals) = postSolution
		SolutionGuid = {629D0552-4DD9-44D7-820D-85344A5D5E34}
	EndGlobalSection
EndGlobal
